
Microsoft Visual Studio Solution File, Format Version 12.00
# Visual Studio Version 17
VisualStudioVersion = 17.2.32616.157
MinimumVisualStudioVersion = 10.0.40219.1
Project("{9A19103F-16F7-4668-BE54-9A1E7A4F7556}") = "BookHeapWeb", "BookHeapWeb\BookHeapWeb.csproj", "{195DC40E-12E9-474D-9902-E31F674647AF}"
EndProject
Project("{FAE04EC0-301F-11D3-BF4B-00C04F79EFBC}") = "BookHeap.DataAccess", "BookHeap.DataAccess\BookHeap.DataAccess.csproj", "{8BBC0F36-F2FF-49E4-BDA0-30A23306B2BD}"
EndProject
Project("{FAE04EC0-301F-11D3-BF4B-00C04F79EFBC}") = "BookHeap.Models", "BookHeap.Models\BookHeap.Models.csproj", "{3D711DA1-0325-4806-85D8-B2336EED3FD4}"
EndProject
Project("{FAE04EC0-301F-11D3-BF4B-00C04F79EFBC}") = "BookHeap.Utilities", "BookHeap.Utilities\BookHeap.Utilities.csproj", "{70F5AC0C-FB58-4014-A31C-3B8EB69DAC32}"
EndProject
Global
	GlobalSection(SolutionConfigurationPlatforms) = preSolution
		Debug|Any CPU = Debug|Any CPU
		Release|Any CPU = Release|Any CPU
	EndGlobalSection
	GlobalSection(ProjectConfigurationPlatforms) = postSolution
		{195DC40E-12E9-474D-9902-E31F674647AF}.Debug|Any CPU.ActiveCfg = Debug|Any CPU
		{195DC40E-12E9-474D-9902-E31F674647AF}.Debug|Any CPU.Build.0 = Debug|Any CPU
		{195DC40E-12E9-474D-9902-E31F674647AF}.Release|Any CPU.ActiveCfg = Release|Any CPU
		{195DC40E-12E9-474D-9902-E31F674647AF}.Release|Any CPU.Build.0 = Release|Any CPU
		{8BBC0F36-F2FF-49E4-BDA0-30A23306B2BD}.Debug|Any CPU.ActiveCfg = Debug|Any CPU
		{8BBC0F36-F2FF-49E4-BDA0-30A23306B2BD}.Debug|Any CPU.Build.0 = Debug|Any CPU
		{8BBC0F36-F2FF-49E4-BDA0-30A23306B2BD}.Release|Any CPU.ActiveCfg = Release|Any CPU
		{8BBC0F36-F2FF-49E4-BDA0-30A23306B2BD}.Release|Any CPU.Build.0 = Release|Any CPU
		{3D711DA1-0325-4806-85D8-B2336EED3FD4}.Debug|Any CPU.ActiveCfg = Debug|Any CPU
		{3D711DA1-0325-4806-85D8-B2336EED3FD4}.Debug|Any CPU.Build.0 = Debug|Any CPU
		{3D711DA1-0325-4806-85D8-B2336EED3FD4}.Release|Any CPU.ActiveCfg = Release|Any CPU
		{3D711DA1-0325-4806-85D8-B2336EED3FD4}.Release|Any CPU.Build.0 = Release|Any CPU
		{70F5AC0C-FB58-4014-A31C-3B8EB69DAC32}.Debug|Any CPU.ActiveCfg = Debug|Any CPU
		{70F5AC0C-FB58-4014-A31C-3B8EB69DAC32}.Debug|Any CPU.Build.0 = Debug|Any CPU
		{70F5AC0C-FB58-4014-A31C-3B8EB69DAC32}.Release|Any CPU.ActiveCfg = Release|Any CPU
		{70F5AC0C-FB58-4014-A31C-3B8EB69DAC32}.Release|Any CPU.Build.0 = Release|Any CPU
	EndGlobalSection
	GlobalSection(SolutionProperties) = preSolution
		HideSolutionNode = FALSE
	EndGlobalSection
	GlobalSection(ExtensibilityGlobals) = postSolution
		SolutionGuid = {C6DC3C93-7918-48E7-9272-C54EC90F2EA2}
	EndGlobalSection
EndGlobal
